
Microsoft Visual Studio Solution File, Format Version 12.00
# Visual Studio 2012
Project("{FAE04EC0-301F-11D3-BF4B-00C04F79EFBC}") = "example1", "example1\example1.csproj", "{2683FB1C-B44B-4194-BA2E-C2A7A02644C8}"
EndProject
Project("{FAE04EC0-301F-11D3-BF4B-00C04F79EFBC}") = "example2", "example2\example2.csproj", "{346ECAF4-CF73-46BF-A46C-15765B849D64}"
EndProject
Project("{FAE04EC0-301F-11D3-BF4B-00C04F79EFBC}") = "example3", "example3\example3.csproj", "{C8C9A700-B2C3-44C8-BC21-11785D3931CA}"
EndProject
Project("{FAE04EC0-301F-11D3-BF4B-00C04F79EFBC}") = "example4", "example4\example4.csproj", "{51E707A2-6D3F-41A6-8005-E914E44D7BBA}"
EndProject
Global
	GlobalSection(SolutionConfigurationPlatforms) = preSolution
		Debug|Any CPU = Debug|Any CPU
		Release|Any CPU = Release|Any CPU
	EndGlobalSection
	GlobalSection(ProjectConfigurationPlatforms) = postSolution
		{2683FB1C-B44B-4194-BA2E-C2A7A02644C8}.Debug|Any CPU.ActiveCfg = Debug|Any CPU
		{2683FB1C-B44B-4194-BA2E-C2A7A02644C8}.Debug|Any CPU.Build.0 = Debug|Any CPU
		{2683FB1C-B44B-4194-BA2E-C2A7A02644C8}.Release|Any CPU.ActiveCfg = Release|Any CPU
		{2683FB1C-B44B-4194-BA2E-C2A7A02644C8}.Release|Any CPU.Build.0 = Release|Any CPU
		{346ECAF4-CF73-46BF-A46C-15765B849D64}.Debug|Any CPU.ActiveCfg = Debug|Any CPU
		{346ECAF4-CF73-46BF-A46C-15765B849D64}.Debug|Any CPU.Build.0 = Debug|Any CPU
		{346ECAF4-CF73-46BF-A46C-15765B849D64}.Release|Any CPU.ActiveCfg = Release|Any CPU
		{346ECAF4-CF73-46BF-A46C-15765B849D64}.Release|Any CPU.Build.0 = Release|Any CPU
		{C8C9A700-B2C3-44C8-BC21-11785D3931CA}.Debug|Any CPU.ActiveCfg = Debug|Any CPU
		{C8C9A700-B2C3-44C8-BC21-11785D3931CA}.Debug|Any CPU.Build.0 = Debug|Any CPU
		{C8C9A700-B2C3-44C8-BC21-11785D3931CA}.Release|Any CPU.ActiveCfg = Release|Any CPU
		{C8C9A700-B2C3-44C8-BC21-11785D3931CA}.Release|Any CPU.Build.0 = Release|Any CPU
		{51E707A2-6D3F-41A6-8005-E914E44D7BBA}.Debug|Any CPU.ActiveCfg = Debug|Any CPU
		{51E707A2-6D3F-41A6-8005-E914E44D7BBA}.Debug|Any CPU.Build.0 = Debug|Any CPU
		{51E707A2-6D3F-41A6-8005-E914E44D7BBA}.Release|Any CPU.ActiveCfg = Release|Any CPU
		{51E707A2-6D3F-41A6-8005-E914E44D7BBA}.Release|Any CPU.Build.0 = Release|Any CPU
	EndGlobalSection
	GlobalSection(SolutionProperties) = preSolution
		HideSolutionNode = FALSE
	EndGlobalSection
EndGlobal
